
Microsoft Visual Studio Solution File, Format Version 12.00
# Visual Studio Version 16
VisualStudioVersion = 16.0.31229.75
MinimumVisualStudioVersion = 10.0.40219.1
Project("{9A19103F-16F7-4668-BE54-9A1E7A4F7556}") = "Core", "Core\Core.csproj", "{DA073078-10B7-4A9D-AEF3-D1A55C52991D}"
EndProject
Project("{9A19103F-16F7-4668-BE54-9A1E7A4F7556}") = "Core.Tests", "Core.Tests\Core.Tests.csproj", "{B04CBEA8-E383-42B3-925B-6C54C2481E27}"
EndProject
Project("{9A19103F-16F7-4668-BE54-9A1E7A4F7556}") = "Configuration", "Configuration\Configuration.csproj", "{F6C61DBD-C25E-4B14-8367-E2986F6DE220}"
EndProject
Project("{9A19103F-16F7-4668-BE54-9A1E7A4F7556}") = "Configuration.Tests", "Configuration.Tests\Configuration.Tests.csproj", "{C0BECB6B-6A02-460C-A188-709FFE265DDD}"
EndProject
Project("{9A19103F-16F7-4668-BE54-9A1E7A4F7556}") = "Documentation", "Documentation\Documentation.csproj", "{DED9A1FD-A0FF-4D65-8C69-F2A7BF0D707B}"
EndProject
Project("{FAE04EC0-301F-11D3-BF4B-00C04F79EFBC}") = "Application", "Application\Application.csproj", "{B3057548-70BA-4F6E-9B4B-E17490106A8E}"
EndProject
Project("{FAE04EC0-301F-11D3-BF4B-00C04F79EFBC}") = "Application.Tests", "Application.Tests\Application.Tests.csproj", "{27010917-8371-4A43-AF04-643EAFF9944E}"
EndProject
Project("{2150E333-8FDC-42A3-9474-1A3956D46DE8}") = "Solution Items", "Solution Items", "{97A787BC-3EE8-4243-AC81-9755C157B8AF}"
	ProjectSection(SolutionItems) = preProject
		LICENSE = LICENSE
		README.md = README.md
	EndProjectSection
EndProject
Global
	GlobalSection(SolutionConfigurationPlatforms) = preSolution
		Debug|Any CPU = Debug|Any CPU
		Debug|ARM = Debug|ARM
		Debug|ARM64 = Debug|ARM64
		Debug|x64 = Debug|x64
		Debug|x86 = Debug|x86
		Release|Any CPU = Release|Any CPU
		Release|ARM = Release|ARM
		Release|ARM64 = Release|ARM64
		Release|x64 = Release|x64
		Release|x86 = Release|x86
	EndGlobalSection
	GlobalSection(ProjectConfigurationPlatforms) = postSolution
		{DA073078-10B7-4A9D-AEF3-D1A55C52991D}.Debug|Any CPU.ActiveCfg = Debug|Any CPU
		{DA073078-10B7-4A9D-AEF3-D1A55C52991D}.Debug|Any CPU.Build.0 = Debug|Any CPU
		{DA073078-10B7-4A9D-AEF3-D1A55C52991D}.Debug|ARM.ActiveCfg = Debug|Any CPU
		{DA073078-10B7-4A9D-AEF3-D1A55C52991D}.Debug|ARM.Build.0 = Debug|Any CPU
		{DA073078-10B7-4A9D-AEF3-D1A55C52991D}.Debug|ARM64.ActiveCfg = Debug|Any CPU
		{DA073078-10B7-4A9D-AEF3-D1A55C52991D}.Debug|ARM64.Build.0 = Debug|Any CPU
		{DA073078-10B7-4A9D-AEF3-D1A55C52991D}.Debug|x64.ActiveCfg = Debug|Any CPU
		{DA073078-10B7-4A9D-AEF3-D1A55C52991D}.Debug|x64.Build.0 = Debug|Any CPU
		{DA073078-10B7-4A9D-AEF3-D1A55C52991D}.Debug|x86.ActiveCfg = Debug|Any CPU
		{DA073078-10B7-4A9D-AEF3-D1A55C52991D}.Debug|x86.Build.0 = Debug|Any CPU
		{DA073078-10B7-4A9D-AEF3-D1A55C52991D}.Release|Any CPU.ActiveCfg = Release|Any CPU
		{DA073078-10B7-4A9D-AEF3-D1A55C52991D}.Release|Any CPU.Build.0 = Release|Any CPU
		{DA073078-10B7-4A9D-AEF3-D1A55C52991D}.Release|ARM.ActiveCfg = Release|Any CPU
		{DA073078-10B7-4A9D-AEF3-D1A55C52991D}.Release|ARM.Build.0 = Release|Any CPU
		{DA073078-10B7-4A9D-AEF3-D1A55C52991D}.Release|ARM64.ActiveCfg = Release|Any CPU
		{DA073078-10B7-4A9D-AEF3-D1A55C52991D}.Release|ARM64.Build.0 = Release|Any CPU
		{DA073078-10B7-4A9D-AEF3-D1A55C52991D}.Release|x64.ActiveCfg = Release|Any CPU
		{DA073078-10B7-4A9D-AEF3-D1A55C52991D}.Release|x64.Build.0 = Release|Any CPU
		{DA073078-10B7-4A9D-AEF3-D1A55C52991D}.Release|x86.ActiveCfg = Release|Any CPU
		{DA073078-10B7-4A9D-AEF3-D1A55C52991D}.Release|x86.Build.0 = Release|Any CPU
		{B04CBEA8-E383-42B3-925B-6C54C2481E27}.Debug|Any CPU.ActiveCfg = Debug|Any CPU
		{B04CBEA8-E383-42B3-925B-6C54C2481E27}.Debug|Any CPU.Build.0 = Debug|Any CPU
		{B04CBEA8-E383-42B3-925B-6C54C2481E27}.Debug|ARM.ActiveCfg = Debug|Any CPU
		{B04CBEA8-E383-42B3-925B-6C54C2481E27}.Debug|ARM.Build.0 = Debug|Any CPU
		{B04CBEA8-E383-42B3-925B-6C54C2481E27}.Debug|ARM64.ActiveCfg = Debug|Any CPU
		{B04CBEA8-E383-42B3-925B-6C54C2481E27}.Debug|ARM64.Build.0 = Debug|Any CPU
		{B04CBEA8-E383-42B3-925B-6C54C2481E27}.Debug|x64.ActiveCfg = Debug|Any CPU
		{B04CBEA8-E383-42B3-925B-6C54C2481E27}.Debug|x64.Build.0 = Debug|Any CPU
		{B04CBEA8-E383-42B3-925B-6C54C2481E27}.Debug|x86.ActiveCfg = Debug|Any CPU
		{B04CBEA8-E383-42B3-925B-6C54C2481E27}.Debug|x86.Build.0 = Debug|Any CPU
		{B04CBEA8-E383-42B3-925B-6C54C2481E27}.Release|Any CPU.ActiveCfg = Release|Any CPU
		{B04CBEA8-E383-42B3-925B-6C54C2481E27}.Release|Any CPU.Build.0 = Release|Any CPU
		{B04CBEA8-E383-42B3-925B-6C54C2481E27}.Release|ARM.ActiveCfg = Release|Any CPU
		{B04CBEA8-E383-42B3-925B-6C54C2481E27}.Release|ARM.Build.0 = Release|Any CPU
		{B04CBEA8-E383-42B3-925B-6C54C2481E27}.Release|ARM64.ActiveCfg = Release|Any CPU
		{B04CBEA8-E383-42B3-925B-6C54C2481E27}.Release|ARM64.Build.0 = Release|Any CPU
		{B04CBEA8-E383-42B3-925B-6C54C2481E27}.Release|x64.ActiveCfg = Release|Any CPU
		{B04CBEA8-E383-42B3-925B-6C54C2481E27}.Release|x64.Build.0 = Release|Any CPU
		{B04CBEA8-E383-42B3-925B-6C54C2481E27}.Release|x86.ActiveCfg = Release|Any CPU
		{B04CBEA8-E383-42B3-925B-6C54C2481E27}.Release|x86.Build.0 = Release|Any CPU
		{F6C61DBD-C25E-4B14-8367-E2986F6DE220}.Debug|Any CPU.ActiveCfg = Debug|Any CPU
		{F6C61DBD-C25E-4B14-8367-E2986F6DE220}.Debug|Any CPU.Build.0 = Debug|Any CPU
		{F6C61DBD-C25E-4B14-8367-E2986F6DE220}.Debug|ARM.ActiveCfg = Debug|Any CPU
		{F6C61DBD-C25E-4B14-8367-E2986F6DE220}.Debug|ARM.Build.0 = Debug|Any CPU
		{F6C61DBD-C25E-4B14-8367-E2986F6DE220}.Debug|ARM64.ActiveCfg = Debug|Any CPU
		{F6C61DBD-C25E-4B14-8367-E2986F6DE220}.Debug|ARM64.Build.0 = Debug|Any CPU
		{F6C61DBD-C25E-4B14-8367-E2986F6DE220}.Debug|x64.ActiveCfg = Debug|Any CPU
		{F6C61DBD-C25E-4B14-8367-E2986F6DE220}.Debug|x64.Build.0 = Debug|Any CPU
		{F6C61DBD-C25E-4B14-8367-E2986F6DE220}.Debug|x86.ActiveCfg = Debug|Any CPU
		{F6C61DBD-C25E-4B14-8367-E2986F6DE220}.Debug|x86.Build.0 = Debug|Any CPU
		{F6C61DBD-C25E-4B14-8367-E2986F6DE220}.Release|Any CPU.ActiveCfg = Release|Any CPU
		{F6C61DBD-C25E-4B14-8367-E2986F6DE220}.Release|Any CPU.Build.0 = Release|Any CPU
		{F6C61DBD-C25E-4B14-8367-E2986F6DE220}.Release|ARM.ActiveCfg = Release|Any CPU
		{F6C61DBD-C25E-4B14-8367-E2986F6DE220}.Release|ARM.Build.0 = Release|Any CPU
		{F6C61DBD-C25E-4B14-8367-E2986F6DE220}.Release|ARM64.ActiveCfg = Release|Any CPU
		{F6C61DBD-C25E-4B14-8367-E2986F6DE220}.Release|ARM64.Build.0 = Release|Any CPU
		{F6C61DBD-C25E-4B14-8367-E2986F6DE220}.Release|x64.ActiveCfg = Release|Any CPU
		{F6C61DBD-C25E-4B14-8367-E2986F6DE220}.Release|x64.Build.0 = Release|Any CPU
		{F6C61DBD-C25E-4B14-8367-E2986F6DE220}.Release|x86.ActiveCfg = Release|Any CPU
		{F6C61DBD-C25E-4B14-8367-E2986F6DE220}.Release|x86.Build.0 = Release|Any CPU
		{C0BECB6B-6A02-460C-A188-709FFE265DDD}.Debug|Any CPU.ActiveCfg = Debug|Any CPU
		{C0BECB6B-6A02-460C-A188-709FFE265DDD}.Debug|Any CPU.Build.0 = Debug|Any CPU
		{C0BECB6B-6A02-460C-A188-709FFE265DDD}.Debug|ARM.ActiveCfg = Debug|Any CPU
		{C0BECB6B-6A02-460C-A188-709FFE265DDD}.Debug|ARM.Build.0 = Debug|Any CPU
		{C0BECB6B-6A02-460C-A188-709FFE265DDD}.Debug|ARM64.ActiveCfg = Debug|Any CPU
		{C0BECB6B-6A02-460C-A188-709FFE265DDD}.Debug|ARM64.Build.0 = Debug|Any CPU
		{C0BECB6B-6A02-460C-A188-709FFE265DDD}.Debug|x64.ActiveCfg = Debug|Any CPU
		{C0BECB6B-6A02-460C-A188-709FFE265DDD}.Debug|x64.Build.0 = Debug|Any CPU
		{C0BECB6B-6A02-460C-A188-709FFE265DDD}.Debug|x86.ActiveCfg = Debug|Any CPU
		{C0BECB6B-6A02-460C-A188-709FFE265DDD}.Debug|x86.Build.0 = Debug|Any CPU
		{C0BECB6B-6A02-460C-A188-709FFE265DDD}.Release|Any CPU.ActiveCfg = Release|Any CPU
		{C0BECB6B-6A02-460C-A188-709FFE265DDD}.Release|Any CPU.Build.0 = Release|Any CPU
		{C0BECB6B-6A02-460C-A188-709FFE265DDD}.Release|ARM.ActiveCfg = Release|Any CPU
		{C0BECB6B-6A02-460C-A188-709FFE265DDD}.Release|ARM.Build.0 = Release|Any CPU
		{C0BECB6B-6A02-460C-A188-709FFE265DDD}.Release|ARM64.ActiveCfg = Release|Any CPU
		{C0BECB6B-6A02-460C-A188-709FFE265DDD}.Release|ARM64.Build.0 = Release|Any CPU
		{C0BECB6B-6A02-460C-A188-709FFE265DDD}.Release|x64.ActiveCfg = Release|Any CPU
		{C0BECB6B-6A02-460C-A188-709FFE265DDD}.Release|x64.Build.0 = Release|Any CPU
		{C0BECB6B-6A02-460C-A188-709FFE265DDD}.Release|x86.ActiveCfg = Release|Any CPU
		{C0BECB6B-6A02-460C-A188-709FFE265DDD}.Release|x86.Build.0 = Release|Any CPU
		{DED9A1FD-A0FF-4D65-8C69-F2A7BF0D707B}.Debug|Any CPU.ActiveCfg = Debug|Any CPU
		{DED9A1FD-A0FF-4D65-8C69-F2A7BF0D707B}.Debug|Any CPU.Build.0 = Debug|Any CPU
		{DED9A1FD-A0FF-4D65-8C69-F2A7BF0D707B}.Debug|ARM.ActiveCfg = Debug|Any CPU
		{DED9A1FD-A0FF-4D65-8C69-F2A7BF0D707B}.Debug|ARM.Build.0 = Debug|Any CPU
		{DED9A1FD-A0FF-4D65-8C69-F2A7BF0D707B}.Debug|ARM64.ActiveCfg = Debug|Any CPU
		{DED9A1FD-A0FF-4D65-8C69-F2A7BF0D707B}.Debug|ARM64.Build.0 = Debug|Any CPU
		{DED9A1FD-A0FF-4D65-8C69-F2A7BF0D707B}.Debug|x64.ActiveCfg = Debug|Any CPU
		{DED9A1FD-A0FF-4D65-8C69-F2A7BF0D707B}.Debug|x64.Build.0 = Debug|Any CPU
		{DED9A1FD-A0FF-4D65-8C69-F2A7BF0D707B}.Debug|x86.ActiveCfg = Debug|Any CPU
		{DED9A1FD-A0FF-4D65-8C69-F2A7BF0D707B}.Debug|x86.Build.0 = Debug|Any CPU
		{DED9A1FD-A0FF-4D65-8C69-F2A7BF0D707B}.Release|Any CPU.ActiveCfg = Release|Any CPU
		{DED9A1FD-A0FF-4D65-8C69-F2A7BF0D707B}.Release|Any CPU.Build.0 = Release|Any CPU
		{DED9A1FD-A0FF-4D65-8C69-F2A7BF0D707B}.Release|ARM.ActiveCfg = Release|Any CPU
		{DED9A1FD-A0FF-4D65-8C69-F2A7BF0D707B}.Release|ARM.Build.0 = Release|Any CPU
		{DED9A1FD-A0FF-4D65-8C69-F2A7BF0D707B}.Release|ARM64.ActiveCfg = Release|Any CPU
		{DED9A1FD-A0FF-4D65-8C69-F2A7BF0D707B}.Release|ARM64.Build.0 = Release|Any CPU
		{DED9A1FD-A0FF-4D65-8C69-F2A7BF0D707B}.Release|x64.ActiveCfg = Release|Any CPU
		{DED9A1FD-A0FF-4D65-8C69-F2A7BF0D707B}.Release|x64.Build.0 = Release|Any CPU
		{DED9A1FD-A0FF-4D65-8C69-F2A7BF0D707B}.Release|x86.ActiveCfg = Release|Any CPU
		{DED9A1FD-A0FF-4D65-8C69-F2A7BF0D707B}.Release|x86.Build.0 = Release|Any CPU
		{B3057548-70BA-4F6E-9B4B-E17490106A8E}.Debug|Any CPU.ActiveCfg = Debug|Any CPU
		{B3057548-70BA-4F6E-9B4B-E17490106A8E}.Debug|Any CPU.Build.0 = Debug|Any CPU
		{B3057548-70BA-4F6E-9B4B-E17490106A8E}.Debug|ARM.ActiveCfg = Debug|Any CPU
		{B3057548-70BA-4F6E-9B4B-E17490106A8E}.Debug|ARM.Build.0 = Debug|Any CPU
		{B3057548-70BA-4F6E-9B4B-E17490106A8E}.Debug|ARM64.ActiveCfg = Debug|Any CPU
		{B3057548-70BA-4F6E-9B4B-E17490106A8E}.Debug|ARM64.Build.0 = Debug|Any CPU
		{B3057548-70BA-4F6E-9B4B-E17490106A8E}.Debug|x64.ActiveCfg = Debug|Any CPU
		{B3057548-70BA-4F6E-9B4B-E17490106A8E}.Debug|x64.Build.0 = Debug|Any CPU
		{B3057548-70BA-4F6E-9B4B-E17490106A8E}.Debug|x86.ActiveCfg = Debug|Any CPU
		{B3057548-70BA-4F6E-9B4B-E17490106A8E}.Debug|x86.Build.0 = Debug|Any CPU
		{B3057548-70BA-4F6E-9B4B-E17490106A8E}.Release|Any CPU.ActiveCfg = Release|Any CPU
		{B3057548-70BA-4F6E-9B4B-E17490106A8E}.Release|Any CPU.Build.0 = Release|Any CPU
		{B3057548-70BA-4F6E-9B4B-E17490106A8E}.Release|ARM.ActiveCfg = Release|Any CPU
		{B3057548-70BA-4F6E-9B4B-E17490106A8E}.Release|ARM.Build.0 = Release|Any CPU
		{B3057548-70BA-4F6E-9B4B-E17490106A8E}.Release|ARM64.ActiveCfg = Release|Any CPU
		{B3057548-70BA-4F6E-9B4B-E17490106A8E}.Release|ARM64.Build.0 = Release|Any CPU
		{B3057548-70BA-4F6E-9B4B-E17490106A8E}.Release|x64.ActiveCfg = Release|Any CPU
		{B3057548-70BA-4F6E-9B4B-E17490106A8E}.Release|x64.Build.0 = Release|Any CPU
		{B3057548-70BA-4F6E-9B4B-E17490106A8E}.Release|x86.ActiveCfg = Release|Any CPU
		{B3057548-70BA-4F6E-9B4B-E17490106A8E}.Release|x86.Build.0 = Release|Any CPU
		{27010917-8371-4A43-AF04-643EAFF9944E}.Debug|Any CPU.ActiveCfg = Debug|Any CPU
		{27010917-8371-4A43-AF04-643EAFF9944E}.Debug|Any CPU.Build.0 = Debug|Any CPU
		{27010917-8371-4A43-AF04-643EAFF9944E}.Debug|ARM.ActiveCfg = Debug|Any CPU
		{27010917-8371-4A43-AF04-643EAFF9944E}.Debug|ARM.Build.0 = Debug|Any CPU
		{27010917-8371-4A43-AF04-643EAFF9944E}.Debug|ARM64.ActiveCfg = Debug|Any CPU
		{27010917-8371-4A43-AF04-643EAFF9944E}.Debug|ARM64.Build.0 = Debug|Any CPU
		{27010917-8371-4A43-AF04-643EAFF9944E}.Debug|x64.ActiveCfg = Debug|Any CPU
		{27010917-8371-4A43-AF04-643EAFF9944E}.Debug|x64.Build.0 = Debug|Any CPU
		{27010917-8371-4A43-AF04-643EAFF9944E}.Debug|x86.ActiveCfg = Debug|Any CPU
		{27010917-8371-4A43-AF04-643EAFF9944E}.Debug|x86.Build.0 = Debug|Any CPU
		{27010917-8371-4A43-AF04-643EAFF9944E}.Release|Any CPU.ActiveCfg = Release|Any CPU
		{27010917-8371-4A43-AF04-643EAFF9944E}.Release|Any CPU.Build.0 = Release|Any CPU
		{27010917-8371-4A43-AF04-643EAFF9944E}.Release|ARM.ActiveCfg = Release|Any CPU
		{27010917-8371-4A43-AF04-643EAFF9944E}.Release|ARM.Build.0 = Release|Any CPU
		{27010917-8371-4A43-AF04-643EAFF9944E}.Release|ARM64.ActiveCfg = Release|Any CPU
		{27010917-8371-4A43-AF04-643EAFF9944E}.Release|ARM64.Build.0 = Release|Any CPU
		{27010917-8371-4A43-AF04-643EAFF9944E}.Release|x64.ActiveCfg = Release|Any CPU
		{27010917-8371-4A43-AF04-643EAFF9944E}.Release|x64.Build.0 = Release|Any CPU
		{27010917-8371-4A43-AF04-643EAFF9944E}.Release|x86.ActiveCfg = Release|Any CPU
		{27010917-8371-4A43-AF04-643EAFF9944E}.Release|x86.Build.0 = Release|Any CPU
	EndGlobalSection
	GlobalSection(SolutionProperties) = preSolution
		HideSolutionNode = FALSE
	EndGlobalSection
	GlobalSection(ExtensibilityGlobals) = postSolution
		SolutionGuid = {0CA58684-B326-4D07-B737-185BA54CF85A}
	EndGlobalSection
EndGlobal
